// !$*UTF8*$!
{
	archiveVersion = 1;
	classes = {
	};
	objectVersion = 50;
	objects = {

/* Begin PBXBuildFile section */
		E30134152612F55700062877 /* FavoriteButton.swift in Sources */ = {isa = PBXBuildFile; fileRef = E30134142612F55700062877 /* FavoriteButton.swift */; };
		E314EF4926019A6C003711A5 /* LandmarksApp.swift in Sources */ = {isa = PBXBuildFile; fileRef = E314EF4826019A6C003711A5 /* LandmarksApp.swift */; };
		E314EF4B26019A6C003711A5 /* ContentView.swift in Sources */ = {isa = PBXBuildFile; fileRef = E314EF4A26019A6C003711A5 /* ContentView.swift */; };
		E314EF4D26019A6F003711A5 /* Assets.xcassets in Resources */ = {isa = PBXBuildFile; fileRef = E314EF4C26019A6F003711A5 /* Assets.xcassets */; };
		E314EF5026019A6F003711A5 /* Preview Assets.xcassets in Resources */ = {isa = PBXBuildFile; fileRef = E314EF4F26019A6F003711A5 /* Preview Assets.xcassets */; };
		E314EF592601A96E003711A5 /* CircleImage.swift in Sources */ = {isa = PBXBuildFile; fileRef = E314EF582601A96E003711A5 /* CircleImage.swift */; };
		E314EF5C2601AB31003711A5 /* MapView.swift in Sources */ = {isa = PBXBuildFile; fileRef = E314EF5B2601AB31003711A5 /* MapView.swift */; };
		E314EF5F2601C89E003711A5 /* landmarkData.json in Resources */ = {isa = PBXBuildFile; fileRef = E314EF5E2601C89E003711A5 /* landmarkData.json */; };
		E314EF622601C8B4003711A5 /* Landmark.swift in Sources */ = {isa = PBXBuildFile; fileRef = E314EF612601C8B4003711A5 /* Landmark.swift */; };
		E314EF652601CAA4003711A5 /* ModelData.swift in Sources */ = {isa = PBXBuildFile; fileRef = E314EF642601CAA4003711A5 /* ModelData.swift */; };
		E314EF6F2601EA97003711A5 /* LandmarkRow.swift in Sources */ = {isa = PBXBuildFile; fileRef = E314EF6E2601EA97003711A5 /* LandmarkRow.swift */; };
		E39CBCAE2609E8DD004E5F4D /* LandmarkList.swift in Sources */ = {isa = PBXBuildFile; fileRef = E39CBCAD2609E8DD004E5F4D /* LandmarkList.swift */; };
		E39CBCB12609EE27004E5F4D /* LandmarkDetail.swift in Sources */ = {isa = PBXBuildFile; fileRef = E39CBCB02609EE27004E5F4D /* LandmarkDetail.swift */; };
/* End PBXBuildFile section */

/* Begin PBXFileReference section */
		E30134142612F55700062877 /* FavoriteButton.swift */ = {isa = PBXFileReference; lastKnownFileType = sourcecode.swift; path = FavoriteButton.swift; sourceTree = "<group>"; };
		E314EF4526019A6C003711A5 /* Landmarks.app */ = {isa = PBXFileReference; explicitFileType = wrapper.application; includeInIndex = 0; path = Landmarks.app; sourceTree = BUILT_PRODUCTS_DIR; };
		E314EF4826019A6C003711A5 /* LandmarksApp.swift */ = {isa = PBXFileReference; lastKnownFileType = sourcecode.swift; path = LandmarksApp.swift; sourceTree = "<group>"; };
		E314EF4A26019A6C003711A5 /* ContentView.swift */ = {isa = PBXFileReference; lastKnownFileType = sourcecode.swift; path = ContentView.swift; sourceTree = "<group>"; };
		E314EF4C26019A6F003711A5 /* Assets.xcassets */ = {isa = PBXFileReference; lastKnownFileType = folder.assetcatalog; path = Assets.xcassets; sourceTree = "<group>"; };
		E314EF4F26019A6F003711A5 /* Preview Assets.xcassets */ = {isa = PBXFileReference; lastKnownFileType = folder.assetcatalog; path = "Preview Assets.xcassets"; sourceTree = "<group>"; };
		E314EF5126019A6F003711A5 /* Info.plist */ = {isa = PBXFileReference; lastKnownFileType = text.plist.xml; path = Info.plist; sourceTree = "<group>"; };
		E314EF582601A96E003711A5 /* CircleImage.swift */ = {isa = PBXFileReference; lastKnownFileType = sourcecode.swift; path = CircleImage.swift; sourceTree = "<group>"; };
		E314EF5B2601AB31003711A5 /* MapView.swift */ = {isa = PBXFileReference; lastKnownFileType = sourcecode.swift; path = MapView.swift; sourceTree = "<group>"; };
		E314EF5E2601C89E003711A5 /* landmarkData.json */ = {isa = PBXFileReference; fileEncoding = 4; lastKnownFileType = text.json; path = landmarkData.json; sourceTree = "<group>"; };
		E314EF612601C8B4003711A5 /* Landmark.swift */ = {isa = PBXFileReference; lastKnownFileType = sourcecode.swift; path = Landmark.swift; sourceTree = "<group>"; };
		E314EF642601CAA4003711A5 /* ModelData.swift */ = {isa = PBXFileReference; lastKnownFileType = sourcecode.swift; path = ModelData.swift; sourceTree = "<group>"; };
		E314EF6E2601EA97003711A5 /* LandmarkRow.swift */ = {isa = PBXFileReference; lastKnownFileType = sourcecode.swift; path = LandmarkRow.swift; sourceTree = "<group>"; };
		E39CBCAD2609E8DD004E5F4D /* LandmarkList.swift */ = {isa = PBXFileReference; lastKnownFileType = sourcecode.swift; path = LandmarkList.swift; sourceTree = "<group>"; };
		E39CBCB02609EE27004E5F4D /* LandmarkDetail.swift */ = {isa = PBXFileReference; lastKnownFileType = sourcecode.swift; path = LandmarkDetail.swift; sourceTree = "<group>"; };
/* End PBXFileReference section */

/* Begin PBXFrameworksBuildPhase section */
		E314EF4226019A6C003711A5 /* Frameworks */ = {
			isa = PBXFrameworksBuildPhase;
			buildActionMask = 2147483647;
			files = (
			);
			runOnlyForDeploymentPostprocessing = 0;
		};
/* End PBXFrameworksBuildPhase section */

/* Begin PBXGroup section */
		E30134172612F76800062877 /* Landmarks */ = {
			isa = PBXGroup;
			children = (
				E314EF6E2601EA97003711A5 /* LandmarkRow.swift */,
				E39CBCAD2609E8DD004E5F4D /* LandmarkList.swift */,
				E39CBCB02609EE27004E5F4D /* LandmarkDetail.swift */,
			);
			path = Landmarks;
			sourceTree = "<group>";
		};
		E30134182612F77900062877 /* Helpers */ = {
			isa = PBXGroup;
			children = (
				E314EF582601A96E003711A5 /* CircleImage.swift */,
				E314EF5B2601AB31003711A5 /* MapView.swift */,
				E30134142612F55700062877 /* FavoriteButton.swift */,
			);
			path = Helpers;
			sourceTree = "<group>";
		};
		E314EF3C26019A6C003711A5 = {
			isa = PBXGroup;
			children = (
				E314EF4726019A6C003711A5 /* Landmarks */,
				E314EF4626019A6C003711A5 /* Products */,
			);
			sourceTree = "<group>";
		};
		E314EF4626019A6C003711A5 /* Products */ = {
			isa = PBXGroup;
			children = (
				E314EF4526019A6C003711A5 /* Landmarks.app */,
			);
			name = Products;
			sourceTree = "<group>";
		};
		E314EF4726019A6C003711A5 /* Landmarks */ = {
			isa = PBXGroup;
			children = (
				E314EF6B2601EA5B003711A5 /* Resources */,
				E314EF6A2601EA36003711A5 /* Model */,
				E314EF682601EA03003711A5 /* Views */,
				E314EF4C26019A6F003711A5 /* Assets.xcassets */,
				E314EF5126019A6F003711A5 /* Info.plist */,
				E314EF4E26019A6F003711A5 /* Preview Content */,
			);
			path = Landmarks;
			sourceTree = "<group>";
		};
		E314EF4E26019A6F003711A5 /* Preview Content */ = {
			isa = PBXGroup;
			children = (
				E314EF4F26019A6F003711A5 /* Preview Assets.xcassets */,
			);
			path = "Preview Content";
			sourceTree = "<group>";
		};
		E314EF682601EA03003711A5 /* Views */ = {
			isa = PBXGroup;
			children = (
				E314EF4826019A6C003711A5 /* LandmarksApp.swift */,
				E314EF4A26019A6C003711A5 /* ContentView.swift */,
				E30134182612F77900062877 /* Helpers */,
				E30134172612F76800062877 /* Landmarks */,
			);
			path = Views;
			sourceTree = "<group>";
		};
		E314EF6A2601EA36003711A5 /* Model */ = {
			isa = PBXGroup;
			children = (
				E314EF642601CAA4003711A5 /* ModelData.swift */,
				E314EF612601C8B4003711A5 /* Landmark.swift */,
			);
			path = Model;
			sourceTree = "<group>";
		};
		E314EF6B2601EA5B003711A5 /* Resources */ = {
			isa = PBXGroup;
			children = (
				E314EF5E2601C89E003711A5 /* landmarkData.json */,
			);
			path = Resources;
			sourceTree = "<group>";
		};
/* End PBXGroup section */

/* Begin PBXNativeTarget section */
		E314EF4426019A6C003711A5 /* Landmarks */ = {
			isa = PBXNativeTarget;
			buildConfigurationList = E314EF5426019A6F003711A5 /* Build configuration list for PBXNativeTarget "Landmarks" */;
			buildPhases = (
				E314EF4126019A6C003711A5 /* Sources */,
				E314EF4226019A6C003711A5 /* Frameworks */,
				E314EF4326019A6C003711A5 /* Resources */,
			);
			buildRules = (
			);
			dependencies = (
			);
			name = Landmarks;
			productName = Landmarks;
			productReference = E314EF4526019A6C003711A5 /* Landmarks.app */;
			productType = "com.apple.product-type.application";
		};
/* End PBXNativeTarget section */

/* Begin PBXProject section */
		E314EF3D26019A6C003711A5 /* Project object */ = {
			isa = PBXProject;
			attributes = {
				LastSwiftUpdateCheck = 1240;
				LastUpgradeCheck = 1240;
				TargetAttributes = {
					E314EF4426019A6C003711A5 = {
						CreatedOnToolsVersion = 12.4;
					};
				};
			};
			buildConfigurationList = E314EF4026019A6C003711A5 /* Build configuration list for PBXProject "Landmarks" */;
			compatibilityVersion = "Xcode 9.3";
			developmentRegion = en;
			hasScannedForEncodings = 0;
			knownRegions = (
				en,
				Base,
			);
			mainGroup = E314EF3C26019A6C003711A5;
			productRefGroup = E314EF4626019A6C003711A5 /* Products */;
			projectDirPath = "";
			projectRoot = "";
			targets = (
				E314EF4426019A6C003711A5 /* Landmarks */,
			);
		};
/* End PBXProject section */

/* Begin PBXResourcesBuildPhase section */
		E314EF4326019A6C003711A5 /* Resources */ = {
			isa = PBXResourcesBuildPhase;
			buildActionMask = 2147483647;
			files = (
				E314EF5026019A6F003711A5 /* Preview Assets.xcassets in Resources */,
				E314EF4D26019A6F003711A5 /* Assets.xcassets in Resources */,
				E314EF5F2601C89E003711A5 /* landmarkData.json in Resources */,
			);
			runOnlyForDeploymentPostprocessing = 0;
		};
/* End PBXResourcesBuildPhase section */

/* Begin PBXSourcesBuildPhase section */
		E314EF4126019A6C003711A5 /* Sources */ = {
			isa = PBXSourcesBuildPhase;
			buildActionMask = 2147483647;
			files = (
				E314EF4B26019A6C003711A5 /* ContentView.swift in Sources */,
				E314EF5C2601AB31003711A5 /* MapView.swift in Sources */,
				E314EF4926019A6C003711A5 /* LandmarksApp.swift in Sources */,
				E30134152612F55700062877 /* FavoriteButton.swift in Sources */,
				E39CBCAE2609E8DD004E5F4D /* LandmarkList.swift in Sources */,
				E39CBCB12609EE27004E5F4D /* LandmarkDetail.swift in Sources */,
				E314EF592601A96E003711A5 /* CircleImage.swift in Sources */,
				E314EF622601C8B4003711A5 /* Landmark.swift in Sources */,
				E314EF6F2601EA97003711A5 /* LandmarkRow.swift in Sources */,
				E314EF652601CAA4003711A5 /* ModelData.swift in Sources */,
			);
			runOnlyForDeploymentPostprocessing = 0;
		};
/* End PBXSourcesBuildPhase section */

/* Begin XCBuildConfiguration section */
		E314EF5226019A6F003711A5 /* Debug */ = {
			isa = XCBuildConfiguration;
			buildSettings = {
				ALWAYS_SEARCH_USER_PATHS = NO;
				CLANG_ANALYZER_NONNULL = YES;
				CLANG_ANALYZER_NUMBER_OBJECT_CONVERSION = YES_AGGRESSIVE;
				CLANG_CXX_LANGUAGE_STANDARD = "gnu++14";
				CLANG_CXX_LIBRARY = "libc++";
				CLANG_ENABLE_MODULES = YES;
				CLANG_ENABLE_OBJC_ARC = YES;
				CLANG_ENABLE_OBJC_WEAK = YES;
				CLANG_WARN_BLOCK_CAPTURE_AUTORELEASING = YES;
				CLANG_WARN_BOOL_CONVERSION = YES;
				CLANG_WARN_COMMA = YES;
				CLANG_WARN_CONSTANT_CONVERSION = YES;
				CLANG_WARN_DEPRECATED_OBJC_IMPLEMENTATIONS = YES;
				CLANG_WARN_DIRECT_OBJC_ISA_USAGE = YES_ERROR;
				CLANG_WARN_DOCUMENTATION_COMMENTS = YES;
				CLANG_WARN_EMPTY_BODY = YES;
				CLANG_WARN_ENUM_CONVERSION = YES;
				CLANG_WARN_INFINITE_RECURSION = YES;
				CLANG_WARN_INT_CONVERSION = YES;
				CLANG_WARN_NON_LITERAL_NULL_CONVERSION = YES;
				CLANG_WARN_OBJC_IMPLICIT_RETAIN_SELF = YES;
				CLANG_WARN_OBJC_LITERAL_CONVERSION = YES;
				CLANG_WARN_OBJC_ROOT_CLASS = YES_ERROR;
				CLANG_WARN_QUOTED_INCLUDE_IN_FRAMEWORK_HEADER = YES;
				CLANG_WARN_RANGE_LOOP_ANALYSIS = YES;
				CLANG_WARN_STRICT_PROTOTYPES = YES;
				CLANG_WARN_SUSPICIOUS_MOVE = YES;
				CLANG_WARN_UNGUARDED_AVAILABILITY = YES_AGGRESSIVE;
				CLANG_WARN_UNREACHABLE_CODE = YES;
				CLANG_WARN__DUPLICATE_METHOD_MATCH = YES;
				COPY_PHASE_STRIP = NO;
				DEBUG_INFORMATION_FORMAT = dwarf;
				ENABLE_STRICT_OBJC_MSGSEND = YES;
				ENABLE_TESTABILITY = YES;
				GCC_C_LANGUAGE_STANDARD = gnu11;
				GCC_DYNAMIC_NO_PIC = NO;
				GCC_NO_COMMON_BLOCKS = YES;
				GCC_OPTIMIZATION_LEVEL = 0;
				GCC_PREPROCESSOR_DEFINITIONS = (
					"DEBUG=1",
					"$(inherited)",
				);
				GCC_WARN_64_TO_32_BIT_CONVERSION = YES;
				GCC_WARN_ABOUT_RETURN_TYPE = YES_ERROR;
				GCC_WARN_UNDECLARED_SELECTOR = YES;
				GCC_WARN_UNINITIALIZED_AUTOS = YES_AGGRESSIVE;
				GCC_WARN_UNUSED_FUNCTION = YES;
				GCC_WARN_UNUSED_VARIABLE = YES;
				IPHONEOS_DEPLOYMENT_TARGET = 14.4;
				MTL_ENABLE_DEBUG_INFO = INCLUDE_SOURCE;
				MTL_FAST_MATH = YES;
				ONLY_ACTIVE_ARCH = YES;
				SDKROOT = iphoneos;
				SWIFT_ACTIVE_COMPILATION_CONDITIONS = DEBUG;
				SWIFT_OPTIMIZATION_LEVEL = "-Onone";
			};
			name = Debug;
		};
		E314EF5326019A6F003711A5 /* Release */ = {
			isa = XCBuildConfiguration;
			buildSettings = {
				ALWAYS_SEARCH_USER_PATHS = NO;
				CLANG_ANALYZER_NONNULL = YES;
				CLANG_ANALYZER_NUMBER_OBJECT_CONVERSION = YES_AGGRESSIVE;
				CLANG_CXX_LANGUAGE_STANDARD = "gnu++14";
				CLANG_CXX_LIBRARY = "libc++";
				CLANG_ENABLE_MODULES = YES;
				CLANG_ENABLE_OBJC_ARC = YES;
				CLANG_ENABLE_OBJC_WEAK = YES;
				CLANG_WARN_BLOCK_CAPTURE_AUTORELEASING = YES;
				CLANG_WARN_BOOL_CONVERSION = YES;
				CLANG_WARN_COMMA = YES;
				CLANG_WARN_CONSTANT_CONVERSION = YES;
				CLANG_WARN_DEPRECATED_OBJC_IMPLEMENTATIONS = YES;
				CLANG_WARN_DIRECT_OBJC_ISA_USAGE = YES_ERROR;
				CLANG_WARN_DOCUMENTATION_COMMENTS = YES;
				CLANG_WARN_EMPTY_BODY = YES;
				CLANG_WARN_ENUM_CONVERSION = YES;
				CLANG_WARN_INFINITE_RECURSION = YES;
				CLANG_WARN_INT_CONVERSION = YES;
				CLANG_WARN_NON_LITERAL_NULL_CONVERSION = YES;
				CLANG_WARN_OBJC_IMPLICIT_RETAIN_SELF = YES;
				CLANG_WARN_OBJC_LITERAL_CONVERSION = YES;
				CLANG_WARN_OBJC_ROOT_CLASS = YES_ERROR;
				CLANG_WARN_QUOTED_INCLUDE_IN_FRAMEWORK_HEADER = YES;
				CLANG_WARN_RANGE_LOOP_ANALYSIS = YES;
				CLANG_WARN_STRICT_PROTOTYPES = YES;
				CLANG_WARN_SUSPICIOUS_MOVE = YES;
				CLANG_WARN_UNGUARDED_AVAILABILITY = YES_AGGRESSIVE;
				CLANG_WARN_UNREACHABLE_CODE = YES;
				CLANG_WARN__DUPLICATE_METHOD_MATCH = YES;
				COPY_PHASE_STRIP = NO;
				DEBUG_INFORMATION_FORMAT = "dwarf-with-dsym";
				ENABLE_NS_ASSERTIONS = NO;
				ENABLE_STRICT_OBJC_MSGSEND = YES;
				GCC_C_LANGUAGE_STANDARD = gnu11;
				GCC_NO_COMMON_BLOCKS = YES;
				GCC_WARN_64_TO_32_BIT_CONVERSION = YES;
				GCC_WARN_ABOUT_RETURN_TYPE = YES_ERROR;
				GCC_WARN_UNDECLARED_SELECTOR = YES;
				GCC_WARN_UNINITIALIZED_AUTOS = YES_AGGRESSIVE;
				GCC_WARN_UNUSED_FUNCTION = YES;
				GCC_WARN_UNUSED_VARIABLE = YES;
				IPHONEOS_DEPLOYMENT_TARGET = 14.4;
				MTL_ENABLE_DEBUG_INFO = NO;
				MTL_FAST_MATH = YES;
				SDKROOT = iphoneos;
				SWIFT_COMPILATION_MODE = wholemodule;
				SWIFT_OPTIMIZATION_LEVEL = "-O";
				VALIDATE_PRODUCT = YES;
			};
			name = Release;
		};
		E314EF5526019A6F003711A5 /* Debug */ = {
			isa = XCBuildConfiguration;
			buildSettings = {
				ASSETCATALOG_COMPILER_APPICON_NAME = AppIcon;
				ASSETCATALOG_COMPILER_GLOBAL_ACCENT_COLOR_NAME = AccentColor;
				CODE_SIGN_STYLE = Automatic;
				DEVELOPMENT_ASSET_PATHS = "\"Landmarks/Preview Content\"";
				DEVELOPMENT_TEAM = 7ZF2TDRYLV;
				ENABLE_PREVIEWS = YES;
				INFOPLIST_FILE = Landmarks/Info.plist;
				IPHONEOS_DEPLOYMENT_TARGET = 14.0;
				LD_RUNPATH_SEARCH_PATHS = (
					"$(inherited)",
					"@executable_path/Frameworks",
				);
				PRODUCT_BUNDLE_IDENTIFIER = com.donghyun.Landmarks;
				PRODUCT_NAME = "$(TARGET_NAME)";
				SWIFT_VERSION = 5.0;
				TARGETED_DEVICE_FAMILY = "1,2";
			};
			name = Debug;
		};
		E314EF5626019A6F003711A5 /* Release */ = {
			isa = XCBuildConfiguration;
			buildSettings = {
				ASSETCATALOG_COMPILER_APPICON_NAME = AppIcon;
				ASSETCATALOG_COMPILER_GLOBAL_ACCENT_COLOR_NAME = AccentColor;
				CODE_SIGN_STYLE = Automatic;
				DEVELOPMENT_ASSET_PATHS = "\"Landmarks/Preview Content\"";
				DEVELOPMENT_TEAM = 7ZF2TDRYLV;
				ENABLE_PREVIEWS = YES;
				INFOPLIST_FILE = Landmarks/Info.plist;
				IPHONEOS_DEPLOYMENT_TARGET = 14.0;
				LD_RUNPATH_SEARCH_PATHS = (
					"$(inherited)",
					"@executable_path/Frameworks",
				);
				PRODUCT_BUNDLE_IDENTIFIER = com.donghyun.Landmarks;
				PRODUCT_NAME = "$(TARGET_NAME)";
				SWIFT_VERSION = 5.0;
				TARGETED_DEVICE_FAMILY = "1,2";
			};
			name = Release;
		};
/* End XCBuildConfiguration section */

/* Begin XCConfigurationList section */
		E314EF4026019A6C003711A5 /* Build configuration list for PBXProject "Landmarks" */ = {
			isa = XCConfigurationList;
			buildConfigurations = (
				E314EF5226019A6F003711A5 /* Debug */,
				E314EF5326019A6F003711A5 /* Release */,
			);
			defaultConfigurationIsVisible = 0;
			defaultConfigurationName = Release;
		};
		E314EF5426019A6F003711A5 /* Build configuration list for PBXNativeTarget "Landmarks" */ = {
			isa = XCConfigurationList;
			buildConfigurations = (
				E314EF5526019A6F003711A5 /* Debug */,
				E314EF5626019A6F003711A5 /* Release */,
			);
			defaultConfigurationIsVisible = 0;
			defaultConfigurationName = Release;
		};
/* End XCConfigurationList section */
	};
	rootObject = E314EF3D26019A6C003711A5 /* Project object */;
}
